
Microsoft Visual Studio Solution File, Format Version 12.00
Project("{FAE04EC0-301F-11D3-BF4B-00C04F79EFBC}") = "MovieApi.Domain", "MovieApi.Domain\MovieApi.Domain.csproj", "{3226120E-7F3F-4056-96C7-871028E2A99A}"
EndProject
Project("{FAE04EC0-301F-11D3-BF4B-00C04F79EFBC}") = "MovieApi.Application", "MovieApi.Application\MovieApi.Application.csproj", "{27FD6525-68BA-4780-B2BE-CDDD956F6CA2}"
EndProject
Project("{FAE04EC0-301F-11D3-BF4B-00C04F79EFBC}") = "MovieApi.Infrastructure", "MovieApi.Infrastructure\MovieApi.Infrastructure.csproj", "{1BBE5183-84C8-4288-B319-6EB97F6CAFFF}"
EndProject
Project("{FAE04EC0-301F-11D3-BF4B-00C04F79EFBC}") = "MovieApi.Api", "MovieApi.Api\MovieApi.Api.csproj", "{7B2019F3-AB5F-458E-8C5D-1AA64B184FC5}"
EndProject
Global
	GlobalSection(SolutionConfigurationPlatforms) = preSolution
		Debug|Any CPU = Debug|Any CPU
		Release|Any CPU = Release|Any CPU
	EndGlobalSection
	GlobalSection(ProjectConfigurationPlatforms) = postSolution
		{3226120E-7F3F-4056-96C7-871028E2A99A}.Debug|Any CPU.ActiveCfg = Debug|Any CPU
		{3226120E-7F3F-4056-96C7-871028E2A99A}.Debug|Any CPU.Build.0 = Debug|Any CPU
		{3226120E-7F3F-4056-96C7-871028E2A99A}.Release|Any CPU.ActiveCfg = Release|Any CPU
		{3226120E-7F3F-4056-96C7-871028E2A99A}.Release|Any CPU.Build.0 = Release|Any CPU
		{27FD6525-68BA-4780-B2BE-CDDD956F6CA2}.Debug|Any CPU.ActiveCfg = Debug|Any CPU
		{27FD6525-68BA-4780-B2BE-CDDD956F6CA2}.Debug|Any CPU.Build.0 = Debug|Any CPU
		{27FD6525-68BA-4780-B2BE-CDDD956F6CA2}.Release|Any CPU.ActiveCfg = Release|Any CPU
		{27FD6525-68BA-4780-B2BE-CDDD956F6CA2}.Release|Any CPU.Build.0 = Release|Any CPU
		{1BBE5183-84C8-4288-B319-6EB97F6CAFFF}.Debug|Any CPU.ActiveCfg = Debug|Any CPU
		{1BBE5183-84C8-4288-B319-6EB97F6CAFFF}.Debug|Any CPU.Build.0 = Debug|Any CPU
		{1BBE5183-84C8-4288-B319-6EB97F6CAFFF}.Release|Any CPU.ActiveCfg = Release|Any CPU
		{1BBE5183-84C8-4288-B319-6EB97F6CAFFF}.Release|Any CPU.Build.0 = Release|Any CPU
		{7B2019F3-AB5F-458E-8C5D-1AA64B184FC5}.Debug|Any CPU.ActiveCfg = Debug|Any CPU
		{7B2019F3-AB5F-458E-8C5D-1AA64B184FC5}.Debug|Any CPU.Build.0 = Debug|Any CPU
		{7B2019F3-AB5F-458E-8C5D-1AA64B184FC5}.Release|Any CPU.ActiveCfg = Release|Any CPU
		{7B2019F3-AB5F-458E-8C5D-1AA64B184FC5}.Release|Any CPU.Build.0 = Release|Any CPU
	EndGlobalSection
EndGlobal
